
Microsoft Visual Studio Solution File, Format Version 12.00
# Visual Studio 2013
VisualStudioVersion = 12.0.30501.0
MinimumVisualStudioVersion = 10.0.40219.1
Project("{FAE04EC0-301F-11D3-BF4B-00C04F79EFBC}") = "DTSClient", "DTSClient\DTSClient.csproj", "{F35F270B-663F-4CA2-92C7-60C8DCFDE583}"
EndProject
Project("{FAE04EC0-301F-11D3-BF4B-00C04F79EFBC}") = "DTSLibrary", "DTSLibrary\DTSLibrary.csproj", "{7009B536-115C-4873-BA28-5E47A64270A1}"
EndProject
Global
	GlobalSection(SolutionConfigurationPlatforms) = preSolution
		Debug|Any CPU = Debug|Any CPU
		Debug|x86 = Debug|x86
		Release|Any CPU = Release|Any CPU
		Release|x86 = Release|x86
	EndGlobalSection
	GlobalSection(ProjectConfigurationPlatforms) = postSolution
		{F35F270B-663F-4CA2-92C7-60C8DCFDE583}.Debug|Any CPU.ActiveCfg = Debug|Any CPU
		{F35F270B-663F-4CA2-92C7-60C8DCFDE583}.Debug|Any CPU.Build.0 = Debug|Any CPU
		{F35F270B-663F-4CA2-92C7-60C8DCFDE583}.Debug|x86.ActiveCfg = Debug|x86
		{F35F270B-663F-4CA2-92C7-60C8DCFDE583}.Debug|x86.Build.0 = Debug|x86
		{F35F270B-663F-4CA2-92C7-60C8DCFDE583}.Release|Any CPU.ActiveCfg = Release|Any CPU
		{F35F270B-663F-4CA2-92C7-60C8DCFDE583}.Release|Any CPU.Build.0 = Release|Any CPU
		{F35F270B-663F-4CA2-92C7-60C8DCFDE583}.Release|x86.ActiveCfg = Release|x86
		{F35F270B-663F-4CA2-92C7-60C8DCFDE583}.Release|x86.Build.0 = Release|x86
		{7009B536-115C-4873-BA28-5E47A64270A1}.Debug|Any CPU.ActiveCfg = Debug|Any CPU
		{7009B536-115C-4873-BA28-5E47A64270A1}.Debug|Any CPU.Build.0 = Debug|Any CPU
		{7009B536-115C-4873-BA28-5E47A64270A1}.Debug|x86.ActiveCfg = Debug|x86
		{7009B536-115C-4873-BA28-5E47A64270A1}.Debug|x86.Build.0 = Debug|x86
		{7009B536-115C-4873-BA28-5E47A64270A1}.Release|Any CPU.ActiveCfg = Release|Any CPU
		{7009B536-115C-4873-BA28-5E47A64270A1}.Release|Any CPU.Build.0 = Release|Any CPU
		{7009B536-115C-4873-BA28-5E47A64270A1}.Release|x86.ActiveCfg = Release|x86
		{7009B536-115C-4873-BA28-5E47A64270A1}.Release|x86.Build.0 = Release|x86
	EndGlobalSection
	GlobalSection(SolutionProperties) = preSolution
		HideSolutionNode = FALSE
	EndGlobalSection
	GlobalSection(ExtensibilityGlobals) = postSolution
		SolutionGuid = {51E9CD9B-204B-44E4-A94B-0A31F4974C5B}
	EndGlobalSection
EndGlobal
